PODS:
  - adsTabbarController (0.0.2)

DEPENDENCIES:
  - adsTabbarController (from `../`)

EXTERNAL SOURCES:
  adsTabbarController:
    :path: "../"

SPEC CHECKSUMS:
  adsTabbarController: f603f8b20a082b01c912f68c95b5387d2a534574

PODFILE CHECKSUM: cd52970e1d99083f503c00e60ffacdc00e989dd2

COCOAPODS: 1.2.1
